
Microsoft Visual Studio Solution File, Format Version 12.00
# Visual Studio 15
VisualStudioVersion = 15.0.28307.106
MinimumVisualStudioVersion = 10.0.40219.1
Project("{FAE04EC0-301F-11D3-BF4B-00C04F79EFBC}") = "App1.Android", "App1\App1.Android\App1.Android.csproj", "{DC3BF624-5763-4818-BA25-759EB125F109}"
EndProject
Project("{FAE04EC0-301F-11D3-BF4B-00C04F79EFBC}") = "App1.iOS", "App1\App1.iOS\App1.iOS.csproj", "{A5448FA5-5306-407A-95C4-E6DA91DE9B0F}"
EndProject
Project("{9A19103F-16F7-4668-BE54-9A1E7A4F7556}") = "App1", "App1\App1\App1.csproj", "{59321E0A-A459-4F59-B0AB-444A58DC423A}"
EndProject
Project("{FAE04EC0-301F-11D3-BF4B-00C04F79EFBC}") = "App.UITest1", "App1\App.UITest1\App.UITest1.csproj", "{B19C892E-2628-4CA7-AD27-08D406A3B14B}"
EndProject
Global
	GlobalSection(SolutionConfigurationPlatforms) = preSolution
		Ad-Hoc|Any CPU = Ad-Hoc|Any CPU
		Ad-Hoc|iPhone = Ad-Hoc|iPhone
		Ad-Hoc|iPhoneSimulator = Ad-Hoc|iPhoneSimulator
		AppStore|Any CPU = AppStore|Any CPU
		AppStore|iPhone = AppStore|iPhone
		AppStore|iPhoneSimulator = AppStore|iPhoneSimulator
		Debug|Any CPU = Debug|Any CPU
		Debug|iPhone = Debug|iPhone
		Debug|iPhoneSimulator = Debug|iPhoneSimulator
		Release|Any CPU = Release|Any CPU
		Release|iPhone = Release|iPhone
		Release|iPhoneSimulator = Release|iPhoneSimulator
	EndGlobalSection
	GlobalSection(ProjectConfigurationPlatforms) = postSolution
		{DC3BF624-5763-4818-BA25-759EB125F109}.Ad-Hoc|Any CPU.ActiveCfg = Release|Any CPU
		{DC3BF624-5763-4818-BA25-759EB125F109}.Ad-Hoc|Any CPU.Build.0 = Release|Any CPU
		{DC3BF624-5763-4818-BA25-759EB125F109}.Ad-Hoc|Any CPU.Deploy.0 = Release|Any CPU
		{DC3BF624-5763-4818-BA25-759EB125F109}.Ad-Hoc|iPhone.ActiveCfg = Release|Any CPU
		{DC3BF624-5763-4818-BA25-759EB125F109}.Ad-Hoc|iPhone.Build.0 = Release|Any CPU
		{DC3BF624-5763-4818-BA25-759EB125F109}.Ad-Hoc|iPhone.Deploy.0 = Release|Any CPU
		{DC3BF624-5763-4818-BA25-759EB125F109}.Ad-Hoc|iPhoneSimulator.ActiveCfg = Release|Any CPU
		{DC3BF624-5763-4818-BA25-759EB125F109}.Ad-Hoc|iPhoneSimulator.Build.0 = Release|Any CPU
		{DC3BF624-5763-4818-BA25-759EB125F109}.Ad-Hoc|iPhoneSimulator.Deploy.0 = Release|Any CPU
		{DC3BF624-5763-4818-BA25-759EB125F109}.AppStore|Any CPU.ActiveCfg = Release|Any CPU
		{DC3BF624-5763-4818-BA25-759EB125F109}.AppStore|Any CPU.Build.0 = Release|Any CPU
		{DC3BF624-5763-4818-BA25-759EB125F109}.AppStore|Any CPU.Deploy.0 = Release|Any CPU
		{DC3BF624-5763-4818-BA25-759EB125F109}.AppStore|iPhone.ActiveCfg = Release|Any CPU
		{DC3BF624-5763-4818-BA25-759EB125F109}.AppStore|iPhone.Build.0 = Release|Any CPU
		{DC3BF624-5763-4818-BA25-759EB125F109}.AppStore|iPhone.Deploy.0 = Release|Any CPU
		{DC3BF624-5763-4818-BA25-759EB125F109}.AppStore|iPhoneSimulator.ActiveCfg = Release|Any CPU
		{DC3BF624-5763-4818-BA25-759EB125F109}.AppStore|iPhoneSimulator.Build.0 = Release|Any CPU
		{DC3BF624-5763-4818-BA25-759EB125F109}.AppStore|iPhoneSimulator.Deploy.0 = Release|Any CPU
		{DC3BF624-5763-4818-BA25-759EB125F109}.Debug|Any CPU.ActiveCfg = Debug|Any CPU
		{DC3BF624-5763-4818-BA25-759EB125F109}.Debug|Any CPU.Build.0 = Debug|Any CPU
		{DC3BF624-5763-4818-BA25-759EB125F109}.Debug|Any CPU.Deploy.0 = Debug|Any CPU
		{DC3BF624-5763-4818-BA25-759EB125F109}.Debug|iPhone.ActiveCfg = Debug|Any CPU
		{DC3BF624-5763-4818-BA25-759EB125F109}.Debug|iPhone.Build.0 = Debug|Any CPU
		{DC3BF624-5763-4818-BA25-759EB125F109}.Debug|iPhone.Deploy.0 = Debug|Any CPU
		{DC3BF624-5763-4818-BA25-759EB125F109}.Debug|iPhoneSimulator.ActiveCfg = Debug|Any CPU
		{DC3BF624-5763-4818-BA25-759EB125F109}.Debug|iPhoneSimulator.Build.0 = Debug|Any CPU
		{DC3BF624-5763-4818-BA25-759EB125F109}.Debug|iPhoneSimulator.Deploy.0 = Debug|Any CPU
		{DC3BF624-5763-4818-BA25-759EB125F109}.Release|Any CPU.ActiveCfg = Release|Any CPU
		{DC3BF624-5763-4818-BA25-759EB125F109}.Release|Any CPU.Build.0 = Release|Any CPU
		{DC3BF624-5763-4818-BA25-759EB125F109}.Release|Any CPU.Deploy.0 = Release|Any CPU
		{DC3BF624-5763-4818-BA25-759EB125F109}.Release|iPhone.ActiveCfg = Release|Any CPU
		{DC3BF624-5763-4818-BA25-759EB125F109}.Release|iPhone.Build.0 = Release|Any CPU
		{DC3BF624-5763-4818-BA25-759EB125F109}.Release|iPhone.Deploy.0 = Release|Any CPU
		{DC3BF624-5763-4818-BA25-759EB125F109}.Release|iPhoneSimulator.ActiveCfg = Release|Any CPU
		{DC3BF624-5763-4818-BA25-759EB125F109}.Release|iPhoneSimulator.Build.0 = Release|Any CPU
		{DC3BF624-5763-4818-BA25-759EB125F109}.Release|iPhoneSimulator.Deploy.0 = Release|Any CPU
		{A5448FA5-5306-407A-95C4-E6DA91DE9B0F}.Ad-Hoc|Any CPU.ActiveCfg = Ad-Hoc|iPhone
		{A5448FA5-5306-407A-95C4-E6DA91DE9B0F}.Ad-Hoc|Any CPU.Build.0 = Ad-Hoc|iPhone
		{A5448FA5-5306-407A-95C4-E6DA91DE9B0F}.Ad-Hoc|Any CPU.Deploy.0 = Ad-Hoc|iPhone
		{A5448FA5-5306-407A-95C4-E6DA91DE9B0F}.Ad-Hoc|iPhone.ActiveCfg = Ad-Hoc|iPhone
		{A5448FA5-5306-407A-95C4-E6DA91DE9B0F}.Ad-Hoc|iPhone.Build.0 = Ad-Hoc|iPhone
		{A5448FA5-5306-407A-95C4-E6DA91DE9B0F}.Ad-Hoc|iPhone.Deploy.0 = Ad-Hoc|iPhone
		{A5448FA5-5306-407A-95C4-E6DA91DE9B0F}.Ad-Hoc|iPhoneSimulator.ActiveCfg = Ad-Hoc|iPhoneSimulator
		{A5448FA5-5306-407A-95C4-E6DA91DE9B0F}.Ad-Hoc|iPhoneSimulator.Build.0 = Ad-Hoc|iPhoneSimulator
		{A5448FA5-5306-407A-95C4-E6DA91DE9B0F}.Ad-Hoc|iPhoneSimulator.Deploy.0 = Ad-Hoc|iPhoneSimulator
		{A5448FA5-5306-407A-95C4-E6DA91DE9B0F}.AppStore|Any CPU.ActiveCfg = AppStore|iPhone
		{A5448FA5-5306-407A-95C4-E6DA91DE9B0F}.AppStore|Any CPU.Build.0 = AppStore|iPhone
		{A5448FA5-5306-407A-95C4-E6DA91DE9B0F}.AppStore|Any CPU.Deploy.0 = AppStore|iPhone
		{A5448FA5-5306-407A-95C4-E6DA91DE9B0F}.AppStore|iPhone.ActiveCfg = AppStore|iPhone
		{A5448FA5-5306-407A-95C4-E6DA91DE9B0F}.AppStore|iPhone.Build.0 = AppStore|iPhone
		{A5448FA5-5306-407A-95C4-E6DA91DE9B0F}.AppStore|iPhone.Deploy.0 = AppStore|iPhone
		{A5448FA5-5306-407A-95C4-E6DA91DE9B0F}.AppStore|iPhoneSimulator.ActiveCfg = AppStore|iPhoneSimulator
		{A5448FA5-5306-407A-95C4-E6DA91DE9B0F}.AppStore|iPhoneSimulator.Build.0 = AppStore|iPhoneSimulator
		{A5448FA5-5306-407A-95C4-E6DA91DE9B0F}.AppStore|iPhoneSimulator.Deploy.0 = AppStore|iPhoneSimulator
		{A5448FA5-5306-407A-95C4-E6DA91DE9B0F}.Debug|Any CPU.ActiveCfg = Debug|iPhoneSimulator
		{A5448FA5-5306-407A-95C4-E6DA91DE9B0F}.Debug|Any CPU.Build.0 = Debug|iPhoneSimulator
		{A5448FA5-5306-407A-95C4-E6DA91DE9B0F}.Debug|Any CPU.Deploy.0 = Debug|iPhoneSimulator
		{A5448FA5-5306-407A-95C4-E6DA91DE9B0F}.Debug|iPhone.ActiveCfg = Debug|iPhone
		{A5448FA5-5306-407A-95C4-E6DA91DE9B0F}.Debug|iPhone.Build.0 = Debug|iPhone
		{A5448FA5-5306-407A-95C4-E6DA91DE9B0F}.Debug|iPhone.Deploy.0 = Debug|iPhone
		{A5448FA5-5306-407A-95C4-E6DA91DE9B0F}.Debug|iPhoneSimulator.ActiveCfg = Debug|iPhoneSimulator
		{A5448FA5-5306-407A-95C4-E6DA91DE9B0F}.Debug|iPhoneSimulator.Build.0 = Debug|iPhoneSimulator
		{A5448FA5-5306-407A-95C4-E6DA91DE9B0F}.Debug|iPhoneSimulator.Deploy.0 = Debug|iPhoneSimulator
		{A5448FA5-5306-407A-95C4-E6DA91DE9B0F}.Release|Any CPU.ActiveCfg = Release|iPhone
		{A5448FA5-5306-407A-95C4-E6DA91DE9B0F}.Release|Any CPU.Build.0 = Release|iPhone
		{A5448FA5-5306-407A-95C4-E6DA91DE9B0F}.Release|Any CPU.Deploy.0 = Release|iPhone
		{A5448FA5-5306-407A-95C4-E6DA91DE9B0F}.Release|iPhone.ActiveCfg = Release|iPhone
		{A5448FA5-5306-407A-95C4-E6DA91DE9B0F}.Release|iPhone.Build.0 = Release|iPhone
		{A5448FA5-5306-407A-95C4-E6DA91DE9B0F}.Release|iPhone.Deploy.0 = Release|iPhone
		{A5448FA5-5306-407A-95C4-E6DA91DE9B0F}.Release|iPhoneSimulator.ActiveCfg = Release|iPhoneSimulator
		{A5448FA5-5306-407A-95C4-E6DA91DE9B0F}.Release|iPhoneSimulator.Build.0 = Release|iPhoneSimulator
		{A5448FA5-5306-407A-95C4-E6DA91DE9B0F}.Release|iPhoneSimulator.Deploy.0 = Release|iPhoneSimulator
		{59321E0A-A459-4F59-B0AB-444A58DC423A}.Ad-Hoc|Any CPU.ActiveCfg = Debug|Any CPU
		{59321E0A-A459-4F59-B0AB-444A58DC423A}.Ad-Hoc|Any CPU.Build.0 = Debug|Any CPU
		{59321E0A-A459-4F59-B0AB-444A58DC423A}.Ad-Hoc|Any CPU.Deploy.0 = Debug|Any CPU
		{59321E0A-A459-4F59-B0AB-444A58DC423A}.Ad-Hoc|iPhone.ActiveCfg = Debug|Any CPU
		{59321E0A-A459-4F59-B0AB-444A58DC423A}.Ad-Hoc|iPhone.Build.0 = Debug|Any CPU
		{59321E0A-A459-4F59-B0AB-444A58DC423A}.Ad-Hoc|iPhone.Deploy.0 = Debug|Any CPU
		{59321E0A-A459-4F59-B0AB-444A58DC423A}.Ad-Hoc|iPhoneSimulator.ActiveCfg = Debug|Any CPU
		{59321E0A-A459-4F59-B0AB-444A58DC423A}.Ad-Hoc|iPhoneSimulator.Build.0 = Debug|Any CPU
		{59321E0A-A459-4F59-B0AB-444A58DC423A}.Ad-Hoc|iPhoneSimulator.Deploy.0 = Debug|Any CPU
		{59321E0A-A459-4F59-B0AB-444A58DC423A}.AppStore|Any CPU.ActiveCfg = Debug|Any CPU
		{59321E0A-A459-4F59-B0AB-444A58DC423A}.AppStore|Any CPU.Build.0 = Debug|Any CPU
		{59321E0A-A459-4F59-B0AB-444A58DC423A}.AppStore|Any CPU.Deploy.0 = Debug|Any CPU
		{59321E0A-A459-4F59-B0AB-444A58DC423A}.AppStore|iPhone.ActiveCfg = Debug|Any CPU
		{59321E0A-A459-4F59-B0AB-444A58DC423A}.AppStore|iPhone.Build.0 = Debug|Any CPU
		{59321E0A-A459-4F59-B0AB-444A58DC423A}.AppStore|iPhone.Deploy.0 = Debug|Any CPU
		{59321E0A-A459-4F59-B0AB-444A58DC423A}.AppStore|iPhoneSimulator.ActiveCfg = Debug|Any CPU
		{59321E0A-A459-4F59-B0AB-444A58DC423A}.AppStore|iPhoneSimulator.Build.0 = Debug|Any CPU
		{59321E0A-A459-4F59-B0AB-444A58DC423A}.AppStore|iPhoneSimulator.Deploy.0 = Debug|Any CPU
		{59321E0A-A459-4F59-B0AB-444A58DC423A}.Debug|Any CPU.ActiveCfg = Debug|Any CPU
		{59321E0A-A459-4F59-B0AB-444A58DC423A}.Debug|Any CPU.Build.0 = Debug|Any CPU
		{59321E0A-A459-4F59-B0AB-444A58DC423A}.Debug|Any CPU.Deploy.0 = Debug|Any CPU
		{59321E0A-A459-4F59-B0AB-444A58DC423A}.Debug|iPhone.ActiveCfg = Debug|Any CPU
		{59321E0A-A459-4F59-B0AB-444A58DC423A}.Debug|iPhone.Build.0 = Debug|Any CPU
		{59321E0A-A459-4F59-B0AB-444A58DC423A}.Debug|iPhone.Deploy.0 = Debug|Any CPU
		{59321E0A-A459-4F59-B0AB-444A58DC423A}.Debug|iPhoneSimulator.ActiveCfg = Debug|Any CPU
		{59321E0A-A459-4F59-B0AB-444A58DC423A}.Debug|iPhoneSimulator.Build.0 = Debug|Any CPU
		{59321E0A-A459-4F59-B0AB-444A58DC423A}.Debug|iPhoneSimulator.Deploy.0 = Debug|Any CPU
		{59321E0A-A459-4F59-B0AB-444A58DC423A}.Release|Any CPU.ActiveCfg = Release|Any CPU
		{59321E0A-A459-4F59-B0AB-444A58DC423A}.Release|Any CPU.Build.0 = Release|Any CPU
		{59321E0A-A459-4F59-B0AB-444A58DC423A}.Release|Any CPU.Deploy.0 = Release|Any CPU
		{59321E0A-A459-4F59-B0AB-444A58DC423A}.Release|iPhone.ActiveCfg = Release|Any CPU
		{59321E0A-A459-4F59-B0AB-444A58DC423A}.Release|iPhone.Build.0 = Release|Any CPU
		{59321E0A-A459-4F59-B0AB-444A58DC423A}.Release|iPhone.Deploy.0 = Release|Any CPU
		{59321E0A-A459-4F59-B0AB-444A58DC423A}.Release|iPhoneSimulator.ActiveCfg = Release|Any CPU
		{59321E0A-A459-4F59-B0AB-444A58DC423A}.Release|iPhoneSimulator.Build.0 = Release|Any CPU
		{59321E0A-A459-4F59-B0AB-444A58DC423A}.Release|iPhoneSimulator.Deploy.0 = Release|Any CPU
		{B19C892E-2628-4CA7-AD27-08D406A3B14B}.Ad-Hoc|Any CPU.ActiveCfg = Release|Any CPU
		{B19C892E-2628-4CA7-AD27-08D406A3B14B}.Ad-Hoc|Any CPU.Build.0 = Release|Any CPU
		{B19C892E-2628-4CA7-AD27-08D406A3B14B}.Ad-Hoc|iPhone.ActiveCfg = Release|Any CPU
		{B19C892E-2628-4CA7-AD27-08D406A3B14B}.Ad-Hoc|iPhone.Build.0 = Release|Any CPU
		{B19C892E-2628-4CA7-AD27-08D406A3B14B}.Ad-Hoc|iPhoneSimulator.ActiveCfg = Release|Any CPU
		{B19C892E-2628-4CA7-AD27-08D406A3B14B}.Ad-Hoc|iPhoneSimulator.Build.0 = Release|Any CPU
		{B19C892E-2628-4CA7-AD27-08D406A3B14B}.AppStore|Any CPU.ActiveCfg = Release|Any CPU
		{B19C892E-2628-4CA7-AD27-08D406A3B14B}.AppStore|Any CPU.Build.0 = Release|Any CPU
		{B19C892E-2628-4CA7-AD27-08D406A3B14B}.AppStore|iPhone.ActiveCfg = Release|Any CPU
		{B19C892E-2628-4CA7-AD27-08D406A3B14B}.AppStore|iPhone.Build.0 = Release|Any CPU
		{B19C892E-2628-4CA7-AD27-08D406A3B14B}.AppStore|iPhoneSimulator.ActiveCfg = Release|Any CPU
		{B19C892E-2628-4CA7-AD27-08D406A3B14B}.AppStore|iPhoneSimulator.Build.0 = Release|Any CPU
		{B19C892E-2628-4CA7-AD27-08D406A3B14B}.Debug|Any CPU.ActiveCfg = Debug|Any CPU
		{B19C892E-2628-4CA7-AD27-08D406A3B14B}.Debug|Any CPU.Build.0 = Debug|Any CPU
		{B19C892E-2628-4CA7-AD27-08D406A3B14B}.Debug|iPhone.ActiveCfg = Debug|Any CPU
		{B19C892E-2628-4CA7-AD27-08D406A3B14B}.Debug|iPhone.Build.0 = Debug|Any CPU
		{B19C892E-2628-4CA7-AD27-08D406A3B14B}.Debug|iPhoneSimulator.ActiveCfg = Debug|Any CPU
		{B19C892E-2628-4CA7-AD27-08D406A3B14B}.Debug|iPhoneSimulator.Build.0 = Debug|Any CPU
		{B19C892E-2628-4CA7-AD27-08D406A3B14B}.Release|Any CPU.ActiveCfg = Release|Any CPU
		{B19C892E-2628-4CA7-AD27-08D406A3B14B}.Release|Any CPU.Build.0 = Release|Any CPU
		{B19C892E-2628-4CA7-AD27-08D406A3B14B}.Release|iPhone.ActiveCfg = Release|Any CPU
		{B19C892E-2628-4CA7-AD27-08D406A3B14B}.Release|iPhone.Build.0 = Release|Any CPU
		{B19C892E-2628-4CA7-AD27-08D406A3B14B}.Release|iPhoneSimulator.ActiveCfg = Release|Any CPU
		{B19C892E-2628-4CA7-AD27-08D406A3B14B}.Release|iPhoneSimulator.Build.0 = Release|Any CPU
	EndGlobalSection
	GlobalSection(SolutionProperties) = preSolution
		HideSolutionNode = FALSE
	EndGlobalSection
	GlobalSection(ExtensibilityGlobals) = postSolution
		SolutionGuid = {E2495630-3AEE-41DE-BBE8-0120C8BDDC14}
	EndGlobalSection
EndGlobal
